
Microsoft Visual Studio Solution File, Format Version 12.00
# Visual Studio Version 16
VisualStudioVersion = 16.0.30309.148
MinimumVisualStudioVersion = 10.0.40219.1
Project("{8BC9CEB8-8B4A-11D0-8D11-00A0C91BC942}") = "SFMLChampagne", "SFMLChampagne.vcxproj", "{DEBE7CC0-1455-4307-A602-CE4DE49FA415}"
EndProject
Global
	GlobalSection(SolutionConfigurationPlatforms) = preSolution
		Debug|x64 = Debug|x64
		Debug|x86 = Debug|x86
		Release|x64 = Release|x64
		Release|x86 = Release|x86
	EndGlobalSection
	GlobalSection(ProjectConfigurationPlatforms) = postSolution
		{DEBE7CC0-1455-4307-A602-CE4DE49FA415}.Debug|x64.ActiveCfg = Debug|x64
		{DEBE7CC0-1455-4307-A602-CE4DE49FA415}.Debug|x64.Build.0 = Debug|x64
		{DEBE7CC0-1455-4307-A602-CE4DE49FA415}.Debug|x86.ActiveCfg = Debug|Win32
		{DEBE7CC0-1455-4307-A602-CE4DE49FA415}.Debug|x86.Build.0 = Debug|Win32
		{DEBE7CC0-1455-4307-A602-CE4DE49FA415}.Release|x64.ActiveCfg = Release|x64
		{DEBE7CC0-1455-4307-A602-CE4DE49FA415}.Release|x64.Build.0 = Release|x64
		{DEBE7CC0-1455-4307-A602-CE4DE49FA415}.Release|x86.ActiveCfg = Release|Win32
		{DEBE7CC0-1455-4307-A602-CE4DE49FA415}.Release|x86.Build.0 = Release|Win32
	EndGlobalSection
	GlobalSection(SolutionProperties) = preSolution
		HideSolutionNode = FALSE
	EndGlobalSection
	GlobalSection(ExtensibilityGlobals) = postSolution
		SolutionGuid = {E8254367-199F-4501-B717-E5DD8FE895DE}
	EndGlobalSection
EndGlobal
